
Microsoft Visual Studio Solution File, Format Version 12.00
# Visual Studio Version 16
VisualStudioVersion = 16.0.31005.135
MinimumVisualStudioVersion = 10.0.40219.1
Project("{FAE04EC0-301F-11D3-BF4B-00C04F79EFBC}") = "ConsoleApp1", "ConsoleApp1\ConsoleApp1.csproj", "{6E98F459-E7F4-4692-9FAC-9047683A38C6}"
EndProject
Global
	GlobalSection(SolutionConfigurationPlatforms) = preSolution
		Debug|Any CPU = Debug|Any CPU
		Release|Any CPU = Release|Any CPU
	EndGlobalSection
	GlobalSection(ProjectConfigurationPlatforms) = postSolution
		{6E98F459-E7F4-4692-9FAC-9047683A38C6}.Debug|Any CPU.ActiveCfg = Debug|Any CPU
		{6E98F459-E7F4-4692-9FAC-9047683A38C6}.Debug|Any CPU.Build.0 = Debug|Any CPU
		{6E98F459-E7F4-4692-9FAC-9047683A38C6}.Release|Any CPU.ActiveCfg = Release|Any CPU
		{6E98F459-E7F4-4692-9FAC-9047683A38C6}.Release|Any CPU.Build.0 = Release|Any CPU
	EndGlobalSection
	GlobalSection(SolutionProperties) = preSolution
		HideSolutionNode = FALSE
	EndGlobalSection
	GlobalSection(ExtensibilityGlobals) = postSolution
		SolutionGuid = {5A0889E9-1BB3-4C9C-9188-85C8A28EA8F8}
	EndGlobalSection
EndGlobal
